
Microsoft Visual Studio Solution File, Format Version 12.00
# Visual Studio Version 16
VisualStudioVersion = 16.0.29424.173
MinimumVisualStudioVersion = 10.0.40219.1
Project("{FAE04EC0-301F-11D3-BF4B-00C04F79EFBC}") = "GHub", "GHub\GHub.csproj", "{9C82FED1-A484-400B-9805-9AE83C5E8405}"
EndProject
Project("{FAE04EC0-301F-11D3-BF4B-00C04F79EFBC}") = "Cliente", "Cliente\Cliente.csproj", "{AE438A3D-3742-4CC6-8F5E-2216ECA8F08B}"
EndProject
Global
	GlobalSection(SolutionConfigurationPlatforms) = preSolution
		Debug|Any CPU = Debug|Any CPU
		Release|Any CPU = Release|Any CPU
	EndGlobalSection
	GlobalSection(ProjectConfigurationPlatforms) = postSolution
		{9C82FED1-A484-400B-9805-9AE83C5E8405}.Debug|Any CPU.ActiveCfg = Debug|Any CPU
		{9C82FED1-A484-400B-9805-9AE83C5E8405}.Debug|Any CPU.Build.0 = Debug|Any CPU
		{9C82FED1-A484-400B-9805-9AE83C5E8405}.Release|Any CPU.ActiveCfg = Release|Any CPU
		{9C82FED1-A484-400B-9805-9AE83C5E8405}.Release|Any CPU.Build.0 = Release|Any CPU
		{AE438A3D-3742-4CC6-8F5E-2216ECA8F08B}.Debug|Any CPU.ActiveCfg = Debug|Any CPU
		{AE438A3D-3742-4CC6-8F5E-2216ECA8F08B}.Debug|Any CPU.Build.0 = Debug|Any CPU
		{AE438A3D-3742-4CC6-8F5E-2216ECA8F08B}.Release|Any CPU.ActiveCfg = Release|Any CPU
		{AE438A3D-3742-4CC6-8F5E-2216ECA8F08B}.Release|Any CPU.Build.0 = Release|Any CPU
	EndGlobalSection
	GlobalSection(SolutionProperties) = preSolution
		HideSolutionNode = FALSE
	EndGlobalSection
	GlobalSection(ExtensibilityGlobals) = postSolution
		SolutionGuid = {013311BC-0879-41A6-A7B1-91813473C21E}
	EndGlobalSection
EndGlobal
